{
  "name": "app1",
  "version": "1.0.0",
  "dependencies": {
    "mod1": {
      "version": "1.0.0",
      "from": "../../mod1",
      "resolved": "file:../../mod1",
      "dependencies": {
        "mod2": {
          "version": "1.0.0",
          "from": "../../mod2",
          "resolved": "file:../../mod2"
        }
      }
    }
  }
}
